
Microsoft Visual Studio Solution File, Format Version 12.00
# Visual Studio Version 17
VisualStudioVersion = 17.14.37216.2
MinimumVisualStudioVersion = 10.0.40219.1
Project("{FAE04EC0-301F-11D3-BF4B-00C04F79EFBC}") = "TeamX.App", "TeamX.App\TeamX.App.csproj", "{B2830089-EBC6-4001-8868-E0C822A6F0D0}"
EndProject
Project("{FAE04EC0-301F-11D3-BF4B-00C04F79EFBC}") = "TeamX.API", "TeamX.API\TeamX.API.csproj", "{F3B04A27-F0BD-469A-B428-43C6FD9C3C2E}"
EndProject
Project("{FAE04EC0-301F-11D3-BF4B-00C04F79EFBC}") = "TeamX.Core", "TeamX.Core\TeamX.Core.csproj", "{2E266662-898D-4293-B82C-10656894A313}"
EndProject
Project("{FAE04EC0-301F-11D3-BF4B-00C04F79EFBC}") = "TeamX.Data", "TeamX.Data\TeamX.Data.csproj", "{EDE30594-1BEA-4F25-B77A-082BC98E8BA5}"
EndProject
Project("{FAE04EC0-301F-11D3-BF4B-00C04F79EFBC}") = "TeamX.Security", "TeamX.Security\TeamX.Security.csproj", "{659E392D-E918-4F94-988D-33B2D5CD8F5C}"
EndProject
Project("{FAE04EC0-301F-11D3-BF4B-00C04F79EFBC}") = "TeamX.Shared", "TeamX.Shared\TeamX.Shared.csproj", "{17EFF1CF-330B-4B26-8752-47EDF31B7DFF}"
EndProject
Project("{FAE04EC0-301F-11D3-BF4B-00C04F79EFBC}") = "TeamX.Tests", "TeamX.Tests\TeamX.Tests.csproj", "{23277ECC-53A3-4E85-BF9D-355320A0A167}"
EndProject
Project("{2150E333-8FDC-42A3-9474-1A3956D46DE8}") = "docs", "docs", "{02EA681E-C7D8-13C7-8484-4AC65E1B71E8}"
	ProjectSection(SolutionItems) = preProject
		Architecture.md = Architecture.md
	EndProjectSection
EndProject
Project("{2150E333-8FDC-42A3-9474-1A3956D46DE8}") = "Itens de Solução", "Itens de Solução", "{380A7511-A354-6D7A-0CC0-8FA1F1BA7B6C}"
	ProjectSection(SolutionItems) = preProject
		Dockerfile.txt = Dockerfile.txt
	EndProjectSection
EndProject
Global
	GlobalSection(SolutionConfigurationPlatforms) = preSolution
		Debug|Any CPU = Debug|Any CPU
		Release|Any CPU = Release|Any CPU
	EndGlobalSection
	GlobalSection(ProjectConfigurationPlatforms) = postSolution
		{B2830089-EBC6-4001-8868-E0C822A6F0D0}.Debug|Any CPU.ActiveCfg = Debug|Any CPU
		{B2830089-EBC6-4001-8868-E0C822A6F0D0}.Debug|Any CPU.Build.0 = Debug|Any CPU
		{B2830089-EBC6-4001-8868-E0C822A6F0D0}.Release|Any CPU.ActiveCfg = Release|Any CPU
		{B2830089-EBC6-4001-8868-E0C822A6F0D0}.Release|Any CPU.Build.0 = Release|Any CPU
		{F3B04A27-F0BD-469A-B428-43C6FD9C3C2E}.Debug|Any CPU.ActiveCfg = Debug|Any CPU
		{F3B04A27-F0BD-469A-B428-43C6FD9C3C2E}.Debug|Any CPU.Build.0 = Debug|Any CPU
		{F3B04A27-F0BD-469A-B428-43C6FD9C3C2E}.Release|Any CPU.ActiveCfg = Release|Any CPU
		{F3B04A27-F0BD-469A-B428-43C6FD9C3C2E}.Release|Any CPU.Build.0 = Release|Any CPU
		{2E266662-898D-4293-B82C-10656894A313}.Debug|Any CPU.ActiveCfg = Debug|Any CPU
		{2E266662-898D-4293-B82C-10656894A313}.Debug|Any CPU.Build.0 = Debug|Any CPU
		{2E266662-898D-4293-B82C-10656894A313}.Release|Any CPU.ActiveCfg = Release|Any CPU
		{2E266662-898D-4293-B82C-10656894A313}.Release|Any CPU.Build.0 = Release|Any CPU
		{EDE30594-1BEA-4F25-B77A-082BC98E8BA5}.Debug|Any CPU.ActiveCfg = Debug|Any CPU
		{EDE30594-1BEA-4F25-B77A-082BC98E8BA5}.Debug|Any CPU.Build.0 = Debug|Any CPU
		{EDE30594-1BEA-4F25-B77A-082BC98E8BA5}.Release|Any CPU.ActiveCfg = Release|Any CPU
		{EDE30594-1BEA-4F25-B77A-082BC98E8BA5}.Release|Any CPU.Build.0 = Release|Any CPU
		{659E392D-E918-4F94-988D-33B2D5CD8F5C}.Debug|Any CPU.ActiveCfg = Debug|Any CPU
		{659E392D-E918-4F94-988D-33B2D5CD8F5C}.Debug|Any CPU.Build.0 = Debug|Any CPU
		{659E392D-E918-4F94-988D-33B2D5CD8F5C}.Release|Any CPU.ActiveCfg = Release|Any CPU
		{659E392D-E918-4F94-988D-33B2D5CD8F5C}.Release|Any CPU.Build.0 = Release|Any CPU
		{17EFF1CF-330B-4B26-8752-47EDF31B7DFF}.Debug|Any CPU.ActiveCfg = Debug|Any CPU
		{17EFF1CF-330B-4B26-8752-47EDF31B7DFF}.Debug|Any CPU.Build.0 = Debug|Any CPU
		{17EFF1CF-330B-4B26-8752-47EDF31B7DFF}.Release|Any CPU.ActiveCfg = Release|Any CPU
		{17EFF1CF-330B-4B26-8752-47EDF31B7DFF}.Release|Any CPU.Build.0 = Release|Any CPU
		{23277ECC-53A3-4E85-BF9D-355320A0A167}.Debug|Any CPU.ActiveCfg = Debug|Any CPU
		{23277ECC-53A3-4E85-BF9D-355320A0A167}.Debug|Any CPU.Build.0 = Debug|Any CPU
		{23277ECC-53A3-4E85-BF9D-355320A0A167}.Release|Any CPU.ActiveCfg = Release|Any CPU
		{23277ECC-53A3-4E85-BF9D-355320A0A167}.Release|Any CPU.Build.0 = Release|Any CPU
	EndGlobalSection
	GlobalSection(SolutionProperties) = preSolution
		HideSolutionNode = FALSE
	EndGlobalSection
	GlobalSection(ExtensibilityGlobals) = postSolution
		SolutionGuid = {C168B2E5-2CCF-4B7C-8AFF-5BA9AA40D62E}
	EndGlobalSection
EndGlobal
